
Microsoft Visual Studio Solution File, Format Version 12.00
# Visual Studio Version 17
VisualStudioVersion = 17.5.33530.505
MinimumVisualStudioVersion = 10.0.40219.1
Project("{FAE04EC0-301F-11D3-BF4B-00C04F79EFBC}") = "E_CommerceAPI", "E_CommerceAPI\E_CommerceAPI.csproj", "{CEE3D0AC-541F-46C4-8E56-7BCBB966AAAD}"
EndProject
Global
	GlobalSection(SolutionConfigurationPlatforms) = preSolution
		Debug|Any CPU = Debug|Any CPU
		Release|Any CPU = Release|Any CPU
	EndGlobalSection
	GlobalSection(ProjectConfigurationPlatforms) = postSolution
		{CEE3D0AC-541F-46C4-8E56-7BCBB966AAAD}.Debug|Any CPU.ActiveCfg = Debug|Any CPU
		{CEE3D0AC-541F-46C4-8E56-7BCBB966AAAD}.Debug|Any CPU.Build.0 = Debug|Any CPU
		{CEE3D0AC-541F-46C4-8E56-7BCBB966AAAD}.Release|Any CPU.ActiveCfg = Release|Any CPU
		{CEE3D0AC-541F-46C4-8E56-7BCBB966AAAD}.Release|Any CPU.Build.0 = Release|Any CPU
	EndGlobalSection
	GlobalSection(SolutionProperties) = preSolution
		HideSolutionNode = FALSE
	EndGlobalSection
	GlobalSection(ExtensibilityGlobals) = postSolution
		SolutionGuid = {B713A28C-8236-4AC5-A532-5F48EF4652D8}
	EndGlobalSection
EndGlobal
